<?xml version="1.0" encoding="utf-8"?>
<Project ToolsVersion="4.0" xmlns="http://schemas.microsoft.com/developer/msbuild/2003">
  <ItemGroup>
    <Filter Include="Source Files">
      <UniqueIdentifier>{4FC737F1-C7A5-4376-A066-2A32D752A2FF}</UniqueIdentifier>
      <Extensions>cpp;c;cc;cxx;def;odl;idl;hpj;bat;asm;asmx</Extensions>
    </Filter>
    <Filter Include="Header Files">
      <UniqueIdentifier>{93995380-89BD-4b04-88EB-625FBE52EBFB}</UniqueIdentifier>
      <Extensions>h;hh;hpp;hxx;hm;inl;inc;xsd</Extensions>
    </Filter>
    <Filter Include="Resource Files">
      <UniqueIdentifier>{67DA6AB6-F800-4c08-8B7A-83BB121AAD01}</UniqueIdentifier>
      <Extensions>rc;ico;cur;bmp;dlg;rc2;rct;bin;rgs;gif;jpg;jpeg;jpe;resx;tiff;tif;png;wav;mfcribbon-ms</Extensions>
    </Filter>
    <Filter Include="Header Files\base">
      <UniqueIdentifier>{5a4afbfd-90a1-4d0d-8fa9-468bfb33226b}</UniqueIdentifier>
    </Filter>
    <Filter Include="Header Files\x86">
      <UniqueIdentifier>{68687f3c-aa7c-4237-b863-d4107fd5c8a1}</UniqueIdentifier>
    </Filter>
    <Filter Include="Source Files\x86">
      <UniqueIdentifier>{820334a2-4f01-4b6a-80be-c723689ee220}</UniqueIdentifier>
    </Filter>
    <Filter Include="Source Files\base">
      <UniqueIdentifier>{535280e2-f8e7-4f75-923f-da0f3bf18f03}</UniqueIdentifier>
    </Filter>
  </ItemGroup>
  <ItemGroup>
    <ClInclude Include="..\asmjit\src\asmjit\apibegin.h">
      <Filter>Header Files</Filter>
    </ClInclude>
    <ClInclude Include="..\asmjit\src\asmjit\apiend.h">
      <Filter>Header Files</Filter>
    </ClInclude>
    <ClInclude Include="..\asmjit\src\asmjit\arm.h">
      <Filter>Header Files</Filter>
    </ClInclude>
    <ClInclude Include="..\asmjit\src\asmjit\asmjit.h">
      <Filter>Header Files</Filter>
    </ClInclude>
    <ClInclude Include="..\asmjit\src\asmjit\base.h">
      <Filter>Header Files</Filter>
    </ClInclude>
    <ClInclude Include="..\asmjit\src\asmjit\build.h">
      <Filter>Header Files</Filter>
    </ClInclude>
    <ClInclude Include="..\asmjit\src\asmjit\host.h">
      <Filter>Header Files</Filter>
    </ClInclude>
    <ClInclude Include="..\asmjit\src\asmjit\x86.h">
      <Filter>Header Files</Filter>
    </ClInclude>
    <ClInclude Include="..\asmjit\src\asmjit\base\assembler.h">
      <Filter>Header Files\base</Filter>
    </ClInclude>
    <ClInclude Include="..\asmjit\src\asmjit\base\compiler.h">
      <Filter>Header Files\base</Filter>
    </ClInclude>
    <ClInclude Include="..\asmjit\src\asmjit\base\compilercontext_p.h">
      <Filter>Header Files\base</Filter>
    </ClInclude>
    <ClInclude Include="..\asmjit\src\asmjit\base\compilerfunc.h">
      <Filter>Header Files\base</Filter>
    </ClInclude>
    <ClInclude Include="..\asmjit\src\asmjit\base\constpool.h">
      <Filter>Header Files\base</Filter>
    </ClInclude>
    <ClInclude Include="..\asmjit\src\asmjit\base\containers.h">
      <Filter>Header Files\base</Filter>
    </ClInclude>
    <ClInclude Include="..\asmjit\src\asmjit\base\cpuinfo.h">
      <Filter>Header Files\base</Filter>
    </ClInclude>
    <ClInclude Include="..\asmjit\src\asmjit\base\globals.h">
      <Filter>Header Files\base</Filter>
    </ClInclude>
    <ClInclude Include="..\asmjit\src\asmjit\base\hlstream.h">
      <Filter>Header Files\base</Filter>
    </ClInclude>
    <ClInclude Include="..\asmjit\src\asmjit\base\logger.h">
      <Filter>Header Files\base</Filter>
    </ClInclude>
    <ClInclude Include="..\asmjit\src\asmjit\base\operand.h">
      <Filter>Header Files\base</Filter>
    </ClInclude>
    <ClInclude Include="..\asmjit\src\asmjit\base\podvector.h">
      <Filter>Header Files\base</Filter>
    </ClInclude>
    <ClInclude Include="..\asmjit\src\asmjit\base\runtime.h">
      <Filter>Header Files\base</Filter>
    </ClInclude>
    <ClInclude Include="..\asmjit\src\asmjit\base\utils.h">
      <Filter>Header Files\base</Filter>
    </ClInclude>
    <ClInclude Include="..\asmjit\src\asmjit\base\vectypes.h">
      <Filter>Header Files\base</Filter>
    </ClInclude>
    <ClInclude Include="..\asmjit\src\asmjit\base\vmem.h">
      <Filter>Header Files\base</Filter>
    </ClInclude>
    <ClInclude Include="..\asmjit\src\asmjit\base\zone.h">
      <Filter>Header Files\base</Filter>
    </ClInclude>
    <ClInclude Include="..\asmjit\src\asmjit\x86\x86assembler.h">
      <Filter>Header Files\x86</Filter>
    </ClInclude>
    <ClInclude Include="..\asmjit\src\asmjit\x86\x86compiler.h">
      <Filter>Header Files\x86</Filter>
    </ClInclude>
    <ClInclude Include="..\asmjit\src\asmjit\x86\x86compilercontext_p.h">
      <Filter>Header Files\x86</Filter>
    </ClInclude>
    <ClInclude Include="..\asmjit\src\asmjit\x86\x86compilerfunc.h">
      <Filter>Header Files\x86</Filter>
    </ClInclude>
    <ClInclude Include="..\asmjit\src\asmjit\x86\x86inst.h">
      <Filter>Header Files\x86</Filter>
    </ClInclude>
    <ClInclude Include="..\asmjit\src\asmjit\x86\x86operand.h">
      <Filter>Header Files\x86</Filter>
    </ClInclude>
  </ItemGroup>
  <ItemGroup>
    <ClCompile Include="..\asmjit\src\asmjit\base\assembler.cpp">
      <Filter>Source Files\base</Filter>
    </ClCompile>
    <ClCompile Include="..\asmjit\src\asmjit\base\compiler.cpp">
      <Filter>Source Files\base</Filter>
    </ClCompile>
    <ClCompile Include="..\asmjit\src\asmjit\base\compilercontext.cpp">
      <Filter>Source Files\base</Filter>
    </ClCompile>
    <ClCompile Include="..\asmjit\src\asmjit\base\constpool.cpp">
      <Filter>Source Files\base</Filter>
    </ClCompile>
    <ClCompile Include="..\asmjit\src\asmjit\base\containers.cpp">
      <Filter>Source Files\base</Filter>
    </ClCompile>
    <ClCompile Include="..\asmjit\src\asmjit\base\cpuinfo.cpp">
      <Filter>Source Files\base</Filter>
    </ClCompile>
    <ClCompile Include="..\asmjit\src\asmjit\base\globals.cpp">
      <Filter>Source Files\base</Filter>
    </ClCompile>
    <ClCompile Include="..\asmjit\src\asmjit\base\hlstream.cpp">
      <Filter>Source Files\base</Filter>
    </ClCompile>
    <ClCompile Include="..\asmjit\src\asmjit\base\logger.cpp">
      <Filter>Source Files\base</Filter>
    </ClCompile>
    <ClCompile Include="..\asmjit\src\asmjit\base\operand.cpp">
      <Filter>Source Files\base</Filter>
    </ClCompile>
    <ClCompile Include="..\asmjit\src\asmjit\base\podvector.cpp">
      <Filter>Source Files\base</Filter>
    </ClCompile>
    <ClCompile Include="..\asmjit\src\asmjit\base\runtime.cpp">
      <Filter>Source Files\base</Filter>
    </ClCompile>
    <ClCompile Include="..\asmjit\src\asmjit\base\utils.cpp">
      <Filter>Source Files\base</Filter>
    </ClCompile>
    <ClCompile Include="..\asmjit\src\asmjit\base\vmem.cpp">
      <Filter>Source Files\base</Filter>
    </ClCompile>
    <ClCompile Include="..\asmjit\src\asmjit\base\zone.cpp">
      <Filter>Source Files\base</Filter>
    </ClCompile>
    <ClCompile Include="..\asmjit\src\asmjit\x86\x86assembler.cpp">
      <Filter>Source Files\x86</Filter>
    </ClCompile>
    <ClCompile Include="..\asmjit\src\asmjit\x86\x86compiler.cpp">
      <Filter>Source Files\x86</Filter>
    </ClCompile>
    <ClCompile Include="..\asmjit\src\asmjit\x86\x86compilercontext.cpp">
      <Filter>Source Files\x86</Filter>
    </ClCompile>
    <ClCompile Include="..\asmjit\src\asmjit\x86\x86compilerfunc.cpp">
      <Filter>Source Files\x86</Filter>
    </ClCompile>
    <ClCompile Include="..\asmjit\src\asmjit\x86\x86inst.cpp">
      <Filter>Source Files\x86</Filter>
    </ClCompile>
    <ClCompile Include="..\asmjit\src\asmjit\x86\x86operand.cpp">
      <Filter>Source Files\x86</Filter>
    </ClCompile>
    <ClCompile Include="..\asmjit\src\asmjit\x86\x86operand_regs.cpp">
      <Filter>Source Files\x86</Filter>
    </ClCompile>
  </ItemGroup>
</Project>