<?xml version="1.0" encoding="utf-8"?>
<Project ToolsVersion="4.0" xmlns="http://schemas.microsoft.com/developer/msbuild/2003">
  <ItemGroup>
    <Filter Include="Source Files">
      <UniqueIdentifier>{4FC737F1-C7A5-4376-A066-2A32D752A2FF}</UniqueIdentifier>
      <Extensions>cpp;c;cc;cxx;def;odl;idl;hpj;bat;asm;asmx</Extensions>
    </Filter>
    <Filter Include="Header Files">
      <UniqueIdentifier>{93995380-89BD-4b04-88EB-625FBE52EBFB}</UniqueIdentifier>
      <Extensions>h;hh;hpp;hxx;hm;inl;inc;xsd</Extensions>
    </Filter>
    <Filter Include="Resource Files">
      <UniqueIdentifier>{67DA6AB6-F800-4c08-8B7A-83BB121AAD01}</UniqueIdentifier>
      <Extensions>rc;ico;cur;bmp;dlg;rc2;rct;bin;rgs;gif;jpg;jpeg;jpe;resx;tiff;tif;png;wav;mfcribbon-ms</Extensions>
    </Filter>
    <Filter Include="Source Files\hooks">
      <UniqueIdentifier>{1144d9cf-7aec-4f54-b5cd-547346c93013}</UniqueIdentifier>
    </Filter>
    <Filter Include="Header Files\hooks">
      <UniqueIdentifier>{0ae85983-be91-4c6c-ad08-36d9c7d42412}</UniqueIdentifier>
    </Filter>
    <Filter Include="Header Files\include">
      <UniqueIdentifier>{90de1ce6-942c-4255-80ff-c9288d33767f}</UniqueIdentifier>
    </Filter>
  </ItemGroup>
  <ItemGroup>
    <ResourceCompile Include="..\src\usvfs_dll\version.rc">
      <Filter>Resource Files</Filter>
    </ResourceCompile>
  </ItemGroup>
  <ItemGroup>
    <ClCompile Include="..\src\usvfs_dll\hookmanager.cpp">
      <Filter>Source Files</Filter>
    </ClCompile>
    <ClCompile Include="..\src\usvfs_dll\hooks\kernel32.cpp">
      <Filter>Source Files</Filter>
    </ClCompile>
    <ClCompile Include="..\src\usvfs_dll\hooks\ntdll.cpp">
      <Filter>Source Files</Filter>
    </ClCompile>
    <ClCompile Include="..\src\usvfs_dll\stringcast_boost.cpp">
      <Filter>Source Files</Filter>
    </ClCompile>
    <ClCompile Include="..\src\usvfs_dll\usvfs.cpp">
      <Filter>Source Files</Filter>
    </ClCompile>
    <ClCompile Include="..\src\usvfs_dll\hookcallcontext.cpp">
      <Filter>Source Files</Filter>
    </ClCompile>
    <ClCompile Include="..\src\usvfs_dll\hookcontext.cpp">
      <Filter>Source Files</Filter>
    </ClCompile>
    <ClCompile Include="..\src\usvfs_dll\redirectiontree.cpp">
      <Filter>Source Files</Filter>
    </ClCompile>
    <ClCompile Include="..\src\usvfs_dll\semaphore.cpp">
      <Filter>Source Files</Filter>
    </ClCompile>
  </ItemGroup>
  <ItemGroup>
    <ClInclude Include="..\src\usvfs_dll\hooks\cogetserverpid.h">
      <Filter>Header Files</Filter>
    </ClInclude>
    <ClInclude Include="..\src\usvfs_dll\hookmanager.h">
      <Filter>Header Files</Filter>
    </ClInclude>
    <ClInclude Include="..\src\usvfs_dll\hooks\kernel32.h">
      <Filter>Header Files</Filter>
    </ClInclude>
    <ClInclude Include="..\src\usvfs_dll\hooks\ntdll.h">
      <Filter>Header Files</Filter>
    </ClInclude>
    <ClInclude Include="..\src\usvfs_dll\hooks\sharedids.h">
      <Filter>Header Files</Filter>
    </ClInclude>
    <ClInclude Include="..\src\usvfs_dll\stringcast_boost.h">
      <Filter>Header Files</Filter>
    </ClInclude>
    <ClInclude Include="..\include\dllimport.h">
      <Filter>Header Files\include</Filter>
    </ClInclude>
    <ClInclude Include="..\include\logging.h">
      <Filter>Header Files\include</Filter>
    </ClInclude>
    <ClInclude Include="..\include\usvfs.h">
      <Filter>Header Files\include</Filter>
    </ClInclude>
    <ClInclude Include="..\include\usvfsparameters.h">
      <Filter>Header Files\include</Filter>
    </ClInclude>
    <ClInclude Include="..\src\usvfs_dll\hookcallcontext.h">
      <Filter>Header Files</Filter>
    </ClInclude>
    <ClInclude Include="..\src\usvfs_dll\hookcontext.h">
      <Filter>Header Files</Filter>
    </ClInclude>
    <ClInclude Include="..\src\usvfs_dll\redirectiontree.h">
      <Filter>Header Files</Filter>
    </ClInclude>
    <ClInclude Include="..\src\usvfs_dll\semaphore.h">
      <Filter>Header Files</Filter>
    </ClInclude>
    <ClInclude Include="..\include\usvfs_version.h">
      <Filter>Header Files\include</Filter>
    </ClInclude>
  </ItemGroup>
</Project>