
Microsoft Visual Studio Solution File, Format Version 12.00
# Visual Studio 15
VisualStudioVersion = 15.0.27130.2010
MinimumVisualStudioVersion = 10.0.40219.1
Project("{8BC9CEB8-8B4A-11D0-8D11-00A0C91BC942}") = "shared", "shared.vcxproj", "{2BB3300B-F08A-4063-95C4-8A0FADAE6C51}"
	ProjectSection(ProjectDependencies) = postProject
		{E75F344A-1373-4E3F-97EA-BC80CA42E0F0} = {E75F344A-1373-4E3F-97EA-BC80CA42E0F0}
		{CDADDEC0-B72B-43B4-831F-72BA85B72805} = {CDADDEC0-B72B-43B4-831F-72BA85B72805}
	EndProjectSection
EndProject
Project("{8BC9CEB8-8B4A-11D0-8D11-00A0C91BC942}") = "shared_test", "shared_test.vcxproj", "{26B28EFA-5EEB-45AC-AF8F-C20F478070F8}"
	ProjectSection(ProjectDependencies) = postProject
		{2BB3300B-F08A-4063-95C4-8A0FADAE6C51} = {2BB3300B-F08A-4063-95C4-8A0FADAE6C51}
	EndProjectSection
EndProject
Project("{8BC9CEB8-8B4A-11D0-8D11-00A0C91BC942}") = "testinject_bin", "testinject_bin.vcxproj", "{5705ABC8-8CF4-4A1C-AACF-22554B38E04A}"
EndProject
Project("{8BC9CEB8-8B4A-11D0-8D11-00A0C91BC942}") = "testinject_dll", "testinject_dll.vcxproj", "{D536BD2F-BA2D-4C70-A2F8-EF08580F8280}"
EndProject
Project("{8BC9CEB8-8B4A-11D0-8D11-00A0C91BC942}") = "thooklib", "thooklib.vcxproj", "{1CE90F86-126E-40AB-BD8B-08B25FD2E68E}"
	ProjectSection(ProjectDependencies) = postProject
		{2BB3300B-F08A-4063-95C4-8A0FADAE6C51} = {2BB3300B-F08A-4063-95C4-8A0FADAE6C51}
		{5B0E078A-D196-4EBB-BD6E-DCFB48B15E90} = {5B0E078A-D196-4EBB-BD6E-DCFB48B15E90}
		{5338B9D6-C2A9-4DED-B7E8-31292B96CBF2} = {5338B9D6-C2A9-4DED-B7E8-31292B96CBF2}
	EndProjectSection
EndProject
Project("{8BC9CEB8-8B4A-11D0-8D11-00A0C91BC942}") = "thooklib_test", "thooklib_test.vcxproj", "{931A68BE-AF5F-48C9-AFAE-C8DC08103E33}"
	ProjectSection(ProjectDependencies) = postProject
		{1CE90F86-126E-40AB-BD8B-08B25FD2E68E} = {1CE90F86-126E-40AB-BD8B-08B25FD2E68E}
	EndProjectSection
EndProject
Project("{8BC9CEB8-8B4A-11D0-8D11-00A0C91BC942}") = "tinjectlib", "tinjectlib.vcxproj", "{D18D0B1C-37B4-48A8-88C0-399DE2815C05}"
	ProjectSection(ProjectDependencies) = postProject
		{2BB3300B-F08A-4063-95C4-8A0FADAE6C51} = {2BB3300B-F08A-4063-95C4-8A0FADAE6C51}
		{5338B9D6-C2A9-4DED-B7E8-31292B96CBF2} = {5338B9D6-C2A9-4DED-B7E8-31292B96CBF2}
	EndProjectSection
EndProject
Project("{8BC9CEB8-8B4A-11D0-8D11-00A0C91BC942}") = "tinjectlib_test", "tinjectlib_test.vcxproj", "{5F393577-7E8E-43A4-B476-BFCC78147D0D}"
	ProjectSection(ProjectDependencies) = postProject
		{2BB3300B-F08A-4063-95C4-8A0FADAE6C51} = {2BB3300B-F08A-4063-95C4-8A0FADAE6C51}
		{D18D0B1C-37B4-48A8-88C0-399DE2815C05} = {D18D0B1C-37B4-48A8-88C0-399DE2815C05}
		{D536BD2F-BA2D-4C70-A2F8-EF08580F8280} = {D536BD2F-BA2D-4C70-A2F8-EF08580F8280}
		{5705ABC8-8CF4-4A1C-AACF-22554B38E04A} = {5705ABC8-8CF4-4A1C-AACF-22554B38E04A}
	EndProjectSection
EndProject
Project("{8BC9CEB8-8B4A-11D0-8D11-00A0C91BC942}") = "usvfs_dll", "usvfs_dll.vcxproj", "{562B0058-4701-4284-8B40-D87648A3F64C}"
	ProjectSection(ProjectDependencies) = postProject
		{2BB3300B-F08A-4063-95C4-8A0FADAE6C51} = {2BB3300B-F08A-4063-95C4-8A0FADAE6C51}
		{D18D0B1C-37B4-48A8-88C0-399DE2815C05} = {D18D0B1C-37B4-48A8-88C0-399DE2815C05}
		{1CE90F86-126E-40AB-BD8B-08B25FD2E68E} = {1CE90F86-126E-40AB-BD8B-08B25FD2E68E}
		{BA5B2CAC-8B75-4C6B-83C7-FFB963E872B6} = {BA5B2CAC-8B75-4C6B-83C7-FFB963E872B6}
	EndProjectSection
EndProject
Project("{8BC9CEB8-8B4A-11D0-8D11-00A0C91BC942}") = "usvfs_proxy", "usvfs_proxy.vcxproj", "{50AC03C1-BB24-4033-90E6-ABE65BCC13DC}"
	ProjectSection(ProjectDependencies) = postProject
		{BA5B2CAC-8B75-4C6B-83C7-FFB963E872B6} = {BA5B2CAC-8B75-4C6B-83C7-FFB963E872B6}
	EndProjectSection
EndProject
Project("{8BC9CEB8-8B4A-11D0-8D11-00A0C91BC942}") = "usvfs_helper", "usvfs_helper.vcxproj", "{BA5B2CAC-8B75-4C6B-83C7-FFB963E872B6}"
	ProjectSection(ProjectDependencies) = postProject
		{2BB3300B-F08A-4063-95C4-8A0FADAE6C51} = {2BB3300B-F08A-4063-95C4-8A0FADAE6C51}
		{D18D0B1C-37B4-48A8-88C0-399DE2815C05} = {D18D0B1C-37B4-48A8-88C0-399DE2815C05}
	EndProjectSection
EndProject
Project("{8BC9CEB8-8B4A-11D0-8D11-00A0C91BC942}") = "tvfs_test", "tvfs_test.vcxproj", "{1DDD14EC-2274-4793-803E-B64D278AFD7A}"
	ProjectSection(ProjectDependencies) = postProject
		{562B0058-4701-4284-8B40-D87648A3F64C} = {562B0058-4701-4284-8B40-D87648A3F64C}
	EndProjectSection
EndProject
Project("{2150E333-8FDC-42A3-9474-1A3956D46DE8}") = "test", "test", "{EDA9B67D-1E64-4CAB-8391-10712538C821}"
EndProject
Project("{2150E333-8FDC-42A3-9474-1A3956D46DE8}") = "dependencies", "dependencies", "{9A2047E2-0EC2-409E-842B-B7B360B2A45F}"
EndProject
Project("{8BC9CEB8-8B4A-11D0-8D11-00A0C91BC942}") = "asmjit", "asmjit.vcxproj", "{5338B9D6-C2A9-4DED-B7E8-31292B96CBF2}"
EndProject
Project("{8BC9CEB8-8B4A-11D0-8D11-00A0C91BC942}") = "fmt", "fmt.vcxproj", "{E75F344A-1373-4E3F-97EA-BC80CA42E0F0}"
EndProject
Project("{8BC9CEB8-8B4A-11D0-8D11-00A0C91BC942}") = "udis86", "udis86.vcxproj", "{5B0E078A-D196-4EBB-BD6E-DCFB48B15E90}"
EndProject
Project("{8BC9CEB8-8B4A-11D0-8D11-00A0C91BC942}") = "spdlog", "spdlog.vcxproj", "{CDADDEC0-B72B-43B4-831F-72BA85B72805}"
EndProject
Global
	GlobalSection(SolutionConfigurationPlatforms) = preSolution
		Debug|x64 = Debug|x64
		Debug|x86 = Debug|x86
		Release|x64 = Release|x64
		Release|x86 = Release|x86
	EndGlobalSection
	GlobalSection(ProjectConfigurationPlatforms) = postSolution
		{2BB3300B-F08A-4063-95C4-8A0FADAE6C51}.Debug|x64.ActiveCfg = Debug|x64
		{2BB3300B-F08A-4063-95C4-8A0FADAE6C51}.Debug|x64.Build.0 = Debug|x64
		{2BB3300B-F08A-4063-95C4-8A0FADAE6C51}.Debug|x86.ActiveCfg = Debug|Win32
		{2BB3300B-F08A-4063-95C4-8A0FADAE6C51}.Debug|x86.Build.0 = Debug|Win32
		{2BB3300B-F08A-4063-95C4-8A0FADAE6C51}.Release|x64.ActiveCfg = Release|x64
		{2BB3300B-F08A-4063-95C4-8A0FADAE6C51}.Release|x64.Build.0 = Release|x64
		{2BB3300B-F08A-4063-95C4-8A0FADAE6C51}.Release|x86.ActiveCfg = Release|Win32
		{2BB3300B-F08A-4063-95C4-8A0FADAE6C51}.Release|x86.Build.0 = Release|Win32
		{26B28EFA-5EEB-45AC-AF8F-C20F478070F8}.Debug|x64.ActiveCfg = Debug|x64
		{26B28EFA-5EEB-45AC-AF8F-C20F478070F8}.Debug|x64.Build.0 = Debug|x64
		{26B28EFA-5EEB-45AC-AF8F-C20F478070F8}.Debug|x86.ActiveCfg = Debug|Win32
		{26B28EFA-5EEB-45AC-AF8F-C20F478070F8}.Debug|x86.Build.0 = Debug|Win32
		{26B28EFA-5EEB-45AC-AF8F-C20F478070F8}.Release|x64.ActiveCfg = Release|x64
		{26B28EFA-5EEB-45AC-AF8F-C20F478070F8}.Release|x64.Build.0 = Release|x64
		{26B28EFA-5EEB-45AC-AF8F-C20F478070F8}.Release|x86.ActiveCfg = Release|Win32
		{26B28EFA-5EEB-45AC-AF8F-C20F478070F8}.Release|x86.Build.0 = Release|Win32
		{5705ABC8-8CF4-4A1C-AACF-22554B38E04A}.Debug|x64.ActiveCfg = Debug|x64
		{5705ABC8-8CF4-4A1C-AACF-22554B38E04A}.Debug|x64.Build.0 = Debug|x64
		{5705ABC8-8CF4-4A1C-AACF-22554B38E04A}.Debug|x86.ActiveCfg = Debug|Win32
		{5705ABC8-8CF4-4A1C-AACF-22554B38E04A}.Debug|x86.Build.0 = Debug|Win32
		{5705ABC8-8CF4-4A1C-AACF-22554B38E04A}.Release|x64.ActiveCfg = Release|x64
		{5705ABC8-8CF4-4A1C-AACF-22554B38E04A}.Release|x64.Build.0 = Release|x64
		{5705ABC8-8CF4-4A1C-AACF-22554B38E04A}.Release|x86.ActiveCfg = Release|Win32
		{5705ABC8-8CF4-4A1C-AACF-22554B38E04A}.Release|x86.Build.0 = Release|Win32
		{D536BD2F-BA2D-4C70-A2F8-EF08580F8280}.Debug|x64.ActiveCfg = Debug|x64
		{D536BD2F-BA2D-4C70-A2F8-EF08580F8280}.Debug|x64.Build.0 = Debug|x64
		{D536BD2F-BA2D-4C70-A2F8-EF08580F8280}.Debug|x86.ActiveCfg = Debug|Win32
		{D536BD2F-BA2D-4C70-A2F8-EF08580F8280}.Debug|x86.Build.0 = Debug|Win32
		{D536BD2F-BA2D-4C70-A2F8-EF08580F8280}.Release|x64.ActiveCfg = Release|x64
		{D536BD2F-BA2D-4C70-A2F8-EF08580F8280}.Release|x64.Build.0 = Release|x64
		{D536BD2F-BA2D-4C70-A2F8-EF08580F8280}.Release|x86.ActiveCfg = Release|Win32
		{D536BD2F-BA2D-4C70-A2F8-EF08580F8280}.Release|x86.Build.0 = Release|Win32
		{1CE90F86-126E-40AB-BD8B-08B25FD2E68E}.Debug|x64.ActiveCfg = Debug|x64
		{1CE90F86-126E-40AB-BD8B-08B25FD2E68E}.Debug|x64.Build.0 = Debug|x64
		{1CE90F86-126E-40AB-BD8B-08B25FD2E68E}.Debug|x86.ActiveCfg = Debug|Win32
		{1CE90F86-126E-40AB-BD8B-08B25FD2E68E}.Debug|x86.Build.0 = Debug|Win32
		{1CE90F86-126E-40AB-BD8B-08B25FD2E68E}.Release|x64.ActiveCfg = Release|x64
		{1CE90F86-126E-40AB-BD8B-08B25FD2E68E}.Release|x64.Build.0 = Release|x64
		{1CE90F86-126E-40AB-BD8B-08B25FD2E68E}.Release|x86.ActiveCfg = Release|Win32
		{1CE90F86-126E-40AB-BD8B-08B25FD2E68E}.Release|x86.Build.0 = Release|Win32
		{931A68BE-AF5F-48C9-AFAE-C8DC08103E33}.Debug|x64.ActiveCfg = Debug|x64
		{931A68BE-AF5F-48C9-AFAE-C8DC08103E33}.Debug|x64.Build.0 = Debug|x64
		{931A68BE-AF5F-48C9-AFAE-C8DC08103E33}.Debug|x86.ActiveCfg = Debug|Win32
		{931A68BE-AF5F-48C9-AFAE-C8DC08103E33}.Debug|x86.Build.0 = Debug|Win32
		{931A68BE-AF5F-48C9-AFAE-C8DC08103E33}.Release|x64.ActiveCfg = Release|x64
		{931A68BE-AF5F-48C9-AFAE-C8DC08103E33}.Release|x64.Build.0 = Release|x64
		{931A68BE-AF5F-48C9-AFAE-C8DC08103E33}.Release|x86.ActiveCfg = Release|Win32
		{931A68BE-AF5F-48C9-AFAE-C8DC08103E33}.Release|x86.Build.0 = Release|Win32
		{D18D0B1C-37B4-48A8-88C0-399DE2815C05}.Debug|x64.ActiveCfg = Debug|x64
		{D18D0B1C-37B4-48A8-88C0-399DE2815C05}.Debug|x64.Build.0 = Debug|x64
		{D18D0B1C-37B4-48A8-88C0-399DE2815C05}.Debug|x86.ActiveCfg = Debug|Win32
		{D18D0B1C-37B4-48A8-88C0-399DE2815C05}.Debug|x86.Build.0 = Debug|Win32
		{D18D0B1C-37B4-48A8-88C0-399DE2815C05}.Release|x64.ActiveCfg = Release|x64
		{D18D0B1C-37B4-48A8-88C0-399DE2815C05}.Release|x64.Build.0 = Release|x64
		{D18D0B1C-37B4-48A8-88C0-399DE2815C05}.Release|x86.ActiveCfg = Release|Win32
		{D18D0B1C-37B4-48A8-88C0-399DE2815C05}.Release|x86.Build.0 = Release|Win32
		{5F393577-7E8E-43A4-B476-BFCC78147D0D}.Debug|x64.ActiveCfg = Debug|x64
		{5F393577-7E8E-43A4-B476-BFCC78147D0D}.Debug|x64.Build.0 = Debug|x64
		{5F393577-7E8E-43A4-B476-BFCC78147D0D}.Debug|x86.ActiveCfg = Debug|Win32
		{5F393577-7E8E-43A4-B476-BFCC78147D0D}.Debug|x86.Build.0 = Debug|Win32
		{5F393577-7E8E-43A4-B476-BFCC78147D0D}.Release|x64.ActiveCfg = Release|x64
		{5F393577-7E8E-43A4-B476-BFCC78147D0D}.Release|x64.Build.0 = Release|x64
		{5F393577-7E8E-43A4-B476-BFCC78147D0D}.Release|x86.ActiveCfg = Release|Win32
		{5F393577-7E8E-43A4-B476-BFCC78147D0D}.Release|x86.Build.0 = Release|Win32
		{562B0058-4701-4284-8B40-D87648A3F64C}.Debug|x64.ActiveCfg = Debug|x64
		{562B0058-4701-4284-8B40-D87648A3F64C}.Debug|x64.Build.0 = Debug|x64
		{562B0058-4701-4284-8B40-D87648A3F64C}.Debug|x86.ActiveCfg = Debug|Win32
		{562B0058-4701-4284-8B40-D87648A3F64C}.Debug|x86.Build.0 = Debug|Win32
		{562B0058-4701-4284-8B40-D87648A3F64C}.Release|x64.ActiveCfg = Release|x64
		{562B0058-4701-4284-8B40-D87648A3F64C}.Release|x64.Build.0 = Release|x64
		{562B0058-4701-4284-8B40-D87648A3F64C}.Release|x86.ActiveCfg = Release|Win32
		{562B0058-4701-4284-8B40-D87648A3F64C}.Release|x86.Build.0 = Release|Win32
		{50AC03C1-BB24-4033-90E6-ABE65BCC13DC}.Debug|x64.ActiveCfg = Debug|x64
		{50AC03C1-BB24-4033-90E6-ABE65BCC13DC}.Debug|x64.Build.0 = Debug|x64
		{50AC03C1-BB24-4033-90E6-ABE65BCC13DC}.Debug|x86.ActiveCfg = Debug|Win32
		{50AC03C1-BB24-4033-90E6-ABE65BCC13DC}.Debug|x86.Build.0 = Debug|Win32
		{50AC03C1-BB24-4033-90E6-ABE65BCC13DC}.Release|x64.ActiveCfg = Release|x64
		{50AC03C1-BB24-4033-90E6-ABE65BCC13DC}.Release|x64.Build.0 = Release|x64
		{50AC03C1-BB24-4033-90E6-ABE65BCC13DC}.Release|x86.ActiveCfg = Release|Win32
		{50AC03C1-BB24-4033-90E6-ABE65BCC13DC}.Release|x86.Build.0 = Release|Win32
		{BA5B2CAC-8B75-4C6B-83C7-FFB963E872B6}.Debug|x64.ActiveCfg = Debug|x64
		{BA5B2CAC-8B75-4C6B-83C7-FFB963E872B6}.Debug|x64.Build.0 = Debug|x64
		{BA5B2CAC-8B75-4C6B-83C7-FFB963E872B6}.Debug|x86.ActiveCfg = Debug|Win32
		{BA5B2CAC-8B75-4C6B-83C7-FFB963E872B6}.Debug|x86.Build.0 = Debug|Win32
		{BA5B2CAC-8B75-4C6B-83C7-FFB963E872B6}.Release|x64.ActiveCfg = Release|x64
		{BA5B2CAC-8B75-4C6B-83C7-FFB963E872B6}.Release|x64.Build.0 = Release|x64
		{BA5B2CAC-8B75-4C6B-83C7-FFB963E872B6}.Release|x86.ActiveCfg = Release|Win32
		{BA5B2CAC-8B75-4C6B-83C7-FFB963E872B6}.Release|x86.Build.0 = Release|Win32
		{1DDD14EC-2274-4793-803E-B64D278AFD7A}.Debug|x64.ActiveCfg = Debug|x64
		{1DDD14EC-2274-4793-803E-B64D278AFD7A}.Debug|x64.Build.0 = Debug|x64
		{1DDD14EC-2274-4793-803E-B64D278AFD7A}.Debug|x86.ActiveCfg = Debug|Win32
		{1DDD14EC-2274-4793-803E-B64D278AFD7A}.Debug|x86.Build.0 = Debug|Win32
		{1DDD14EC-2274-4793-803E-B64D278AFD7A}.Release|x64.ActiveCfg = Release|x64
		{1DDD14EC-2274-4793-803E-B64D278AFD7A}.Release|x64.Build.0 = Release|x64
		{1DDD14EC-2274-4793-803E-B64D278AFD7A}.Release|x86.ActiveCfg = Release|Win32
		{1DDD14EC-2274-4793-803E-B64D278AFD7A}.Release|x86.Build.0 = Release|Win32
		{5338B9D6-C2A9-4DED-B7E8-31292B96CBF2}.Debug|x64.ActiveCfg = Debug|x64
		{5338B9D6-C2A9-4DED-B7E8-31292B96CBF2}.Debug|x64.Build.0 = Debug|x64
		{5338B9D6-C2A9-4DED-B7E8-31292B96CBF2}.Debug|x86.ActiveCfg = Debug|Win32
		{5338B9D6-C2A9-4DED-B7E8-31292B96CBF2}.Debug|x86.Build.0 = Debug|Win32
		{5338B9D6-C2A9-4DED-B7E8-31292B96CBF2}.Release|x64.ActiveCfg = Release|x64
		{5338B9D6-C2A9-4DED-B7E8-31292B96CBF2}.Release|x64.Build.0 = Release|x64
		{5338B9D6-C2A9-4DED-B7E8-31292B96CBF2}.Release|x86.ActiveCfg = Release|Win32
		{5338B9D6-C2A9-4DED-B7E8-31292B96CBF2}.Release|x86.Build.0 = Release|Win32
		{E75F344A-1373-4E3F-97EA-BC80CA42E0F0}.Debug|x64.ActiveCfg = Debug|x64
		{E75F344A-1373-4E3F-97EA-BC80CA42E0F0}.Debug|x64.Build.0 = Debug|x64
		{E75F344A-1373-4E3F-97EA-BC80CA42E0F0}.Debug|x86.ActiveCfg = Debug|Win32
		{E75F344A-1373-4E3F-97EA-BC80CA42E0F0}.Debug|x86.Build.0 = Debug|Win32
		{E75F344A-1373-4E3F-97EA-BC80CA42E0F0}.Release|x64.ActiveCfg = Release|x64
		{E75F344A-1373-4E3F-97EA-BC80CA42E0F0}.Release|x64.Build.0 = Release|x64
		{E75F344A-1373-4E3F-97EA-BC80CA42E0F0}.Release|x86.ActiveCfg = Release|Win32
		{E75F344A-1373-4E3F-97EA-BC80CA42E0F0}.Release|x86.Build.0 = Release|Win32
		{5B0E078A-D196-4EBB-BD6E-DCFB48B15E90}.Debug|x64.ActiveCfg = Debug|x64
		{5B0E078A-D196-4EBB-BD6E-DCFB48B15E90}.Debug|x64.Build.0 = Debug|x64
		{5B0E078A-D196-4EBB-BD6E-DCFB48B15E90}.Debug|x86.ActiveCfg = Debug|Win32
		{5B0E078A-D196-4EBB-BD6E-DCFB48B15E90}.Debug|x86.Build.0 = Debug|Win32
		{5B0E078A-D196-4EBB-BD6E-DCFB48B15E90}.Release|x64.ActiveCfg = Release|x64
		{5B0E078A-D196-4EBB-BD6E-DCFB48B15E90}.Release|x64.Build.0 = Release|x64
		{5B0E078A-D196-4EBB-BD6E-DCFB48B15E90}.Release|x86.ActiveCfg = Release|Win32
		{5B0E078A-D196-4EBB-BD6E-DCFB48B15E90}.Release|x86.Build.0 = Release|Win32
		{CDADDEC0-B72B-43B4-831F-72BA85B72805}.Debug|x64.ActiveCfg = Debug|x64
		{CDADDEC0-B72B-43B4-831F-72BA85B72805}.Debug|x64.Build.0 = Debug|x64
		{CDADDEC0-B72B-43B4-831F-72BA85B72805}.Debug|x86.ActiveCfg = Debug|Win32
		{CDADDEC0-B72B-43B4-831F-72BA85B72805}.Debug|x86.Build.0 = Debug|Win32
		{CDADDEC0-B72B-43B4-831F-72BA85B72805}.Release|x64.ActiveCfg = Release|x64
		{CDADDEC0-B72B-43B4-831F-72BA85B72805}.Release|x64.Build.0 = Release|x64
		{CDADDEC0-B72B-43B4-831F-72BA85B72805}.Release|x86.ActiveCfg = Release|Win32
		{CDADDEC0-B72B-43B4-831F-72BA85B72805}.Release|x86.Build.0 = Release|Win32
	EndGlobalSection
	GlobalSection(SolutionProperties) = preSolution
		HideSolutionNode = FALSE
	EndGlobalSection
	GlobalSection(NestedProjects) = preSolution
		{26B28EFA-5EEB-45AC-AF8F-C20F478070F8} = {EDA9B67D-1E64-4CAB-8391-10712538C821}
		{5705ABC8-8CF4-4A1C-AACF-22554B38E04A} = {EDA9B67D-1E64-4CAB-8391-10712538C821}
		{D536BD2F-BA2D-4C70-A2F8-EF08580F8280} = {EDA9B67D-1E64-4CAB-8391-10712538C821}
		{931A68BE-AF5F-48C9-AFAE-C8DC08103E33} = {EDA9B67D-1E64-4CAB-8391-10712538C821}
		{5F393577-7E8E-43A4-B476-BFCC78147D0D} = {EDA9B67D-1E64-4CAB-8391-10712538C821}
		{1DDD14EC-2274-4793-803E-B64D278AFD7A} = {EDA9B67D-1E64-4CAB-8391-10712538C821}
		{5338B9D6-C2A9-4DED-B7E8-31292B96CBF2} = {9A2047E2-0EC2-409E-842B-B7B360B2A45F}
		{E75F344A-1373-4E3F-97EA-BC80CA42E0F0} = {9A2047E2-0EC2-409E-842B-B7B360B2A45F}
		{5B0E078A-D196-4EBB-BD6E-DCFB48B15E90} = {9A2047E2-0EC2-409E-842B-B7B360B2A45F}
		{CDADDEC0-B72B-43B4-831F-72BA85B72805} = {9A2047E2-0EC2-409E-842B-B7B360B2A45F}
	EndGlobalSection
	GlobalSection(ExtensibilityGlobals) = postSolution
		SolutionGuid = {C416F0AE-21DB-4936-84B9-065D8AEC1597}
	EndGlobalSection
EndGlobal
